
Microsoft Visual Studio Solution File, Format Version 12.00
# Visual Studio 15
VisualStudioVersion = 15.0.27703.2035
MinimumVisualStudioVersion = 10.0.40219.1
Project("{FAE04EC0-301F-11D3-BF4B-00C04F79EFBC}") = "WindowsFormsApp1", "WindowsFormsApp1\WindowsFormsApp1.csproj", "{D36A1773-B309-4811-A719-94472368D9B4}"
EndProject
Global
	GlobalSection(SolutionConfigurationPlatforms) = preSolution
		Debug|Any CPU = Debug|Any CPU
		Release|Any CPU = Release|Any CPU
	EndGlobalSection
	GlobalSection(ProjectConfigurationPlatforms) = postSolution
		{D36A1773-B309-4811-A719-94472368D9B4}.Debug|Any CPU.ActiveCfg = Debug|Any CPU
		{D36A1773-B309-4811-A719-94472368D9B4}.Debug|Any CPU.Build.0 = Debug|Any CPU
		{D36A1773-B309-4811-A719-94472368D9B4}.Release|Any CPU.ActiveCfg = Release|Any CPU
		{D36A1773-B309-4811-A719-94472368D9B4}.Release|Any CPU.Build.0 = Release|Any CPU
	EndGlobalSection
	GlobalSection(SolutionProperties) = preSolution
		HideSolutionNode = FALSE
	EndGlobalSection
	GlobalSection(ExtensibilityGlobals) = postSolution
		SolutionGuid = {801B6483-E1E8-4761-87BE-0DC3E3D6163D}
	EndGlobalSection
EndGlobal
